# THIS IS AN AUTOGENERATED FILE. DO NOT EDIT THIS FILE DIRECTLY.
# yarn lockfile v1


"@vercel/analytics@^1.1.1":
  version "1.1.1"
  resolved "https://registry.yarnpkg.com/@vercel/analytics/-/analytics-1.1.1.tgz#2a712378a95014a548b4f9d2ae1ea0721433908d"
  integrity sha512-+NqgNmSabg3IFfxYhrWCfB/H+RCUOCR5ExRudNG2+pcRehq628DJB5e1u1xqwpLtn4pAYii4D98w7kofORAGQA==
  dependencies:
    server-only "^0.0.1"

server-only@^0.0.1:
  version "0.0.1"
  resolved "https://registry.yarnpkg.com/server-only/-/server-only-0.0.1.tgz#0f366bb6afb618c37c9255a314535dc412cd1c9e"
  integrity sha512-qepMx2JxAa5jjfzxG79yPPq+8BuFToHd1hm7kI+Z4zAq1ftQiP7HcxMhDDItrbtwVeLg/cY2JnKnrcFkmiswNA==
